// !$*UTF8*$!
{
	archiveVersion = 1;
	classes = {
	};
	objectVersion = 56;
	objects = {

/* Begin PBXBuildFile section */
		211776602B15630800121E92 /* JMSEPathToolApp.swift in Sources */ = {isa = PBXBuildFile; fileRef = 2117765F2B15630800121E92 /* JMSEPathToolApp.swift */; };
		211776622B15630800121E92 /* QueryRunnerView.swift in Sources */ = {isa = PBXBuildFile; fileRef = 211776612B15630800121E92 /* QueryRunnerView.swift */; };
		211776642B15630900121E92 /* Assets.xcassets in Resources */ = {isa = PBXBuildFile; fileRef = 211776632B15630900121E92 /* Assets.xcassets */; };
		211776672B15630900121E92 /* Preview Assets.xcassets in Resources */ = {isa = PBXBuildFile; fileRef = 211776662B15630900121E92 /* Preview Assets.xcassets */; };
		213E52C22B1808C7004D723E /* QueryRunnerViewModel.swift in Sources */ = {isa = PBXBuildFile; fileRef = 213E52C12B1808C7004D723E /* QueryRunnerViewModel.swift */; };
		213E52C52B1815FC004D723E /* JMESPathClient in Frameworks */ = {isa = PBXBuildFile; productRef = 213E52C42B1815FC004D723E /* JMESPathClient */; };
		213E52C72B18263F004D723E /* AppKitTools in Frameworks */ = {isa = PBXBuildFile; productRef = 213E52C62B18263F004D723E /* AppKitTools */; };
		213E52C92B1BDCE7004D723E /* FoundationTools in Frameworks */ = {isa = PBXBuildFile; productRef = 213E52C82B1BDCE7004D723E /* FoundationTools */; };
/* End PBXBuildFile section */

/* Begin PBXFileReference section */
		2117765C2B15630800121E92 /* jmespathtool.app */ = {isa = PBXFileReference; explicitFileType = wrapper.application; includeInIndex = 0; path = jmespathtool.app; sourceTree = BUILT_PRODUCTS_DIR; };
		2117765F2B15630800121E92 /* JMSEPathToolApp.swift */ = {isa = PBXFileReference; lastKnownFileType = sourcecode.swift; path = JMSEPathToolApp.swift; sourceTree = "<group>"; };
		211776612B15630800121E92 /* QueryRunnerView.swift */ = {isa = PBXFileReference; lastKnownFileType = sourcecode.swift; path = QueryRunnerView.swift; sourceTree = "<group>"; };
		211776632B15630900121E92 /* Assets.xcassets */ = {isa = PBXFileReference; lastKnownFileType = folder.assetcatalog; path = Assets.xcassets; sourceTree = "<group>"; };
		211776662B15630900121E92 /* Preview Assets.xcassets */ = {isa = PBXFileReference; lastKnownFileType = folder.assetcatalog; path = "Preview Assets.xcassets"; sourceTree = "<group>"; };
		211776682B15630900121E92 /* jmespathtool.entitlements */ = {isa = PBXFileReference; lastKnownFileType = text.plist.entitlements; path = jmespathtool.entitlements; sourceTree = "<group>"; };
		213E52C12B1808C7004D723E /* QueryRunnerViewModel.swift */ = {isa = PBXFileReference; lastKnownFileType = sourcecode.swift; path = QueryRunnerViewModel.swift; sourceTree = "<group>"; };
/* End PBXFileReference section */

/* Begin PBXFrameworksBuildPhase section */
		211776592B15630800121E92 /* Frameworks */ = {
			isa = PBXFrameworksBuildPhase;
			buildActionMask = 2147483647;
			files = (
				213E52C92B1BDCE7004D723E /* FoundationTools in Frameworks */,
				213E52C52B1815FC004D723E /* JMESPathClient in Frameworks */,
				213E52C72B18263F004D723E /* AppKitTools in Frameworks */,
			);
			runOnlyForDeploymentPostprocessing = 0;
		};
/* End PBXFrameworksBuildPhase section */

/* Begin PBXGroup section */
		211776532B15630800121E92 = {
			isa = PBXGroup;
			children = (
				2117765E2B15630800121E92 /* jmespathtool */,
				2117765D2B15630800121E92 /* Products */,
				213E52BE2B16C1E7004D723E /* Frameworks */,
			);
			sourceTree = "<group>";
		};
		2117765D2B15630800121E92 /* Products */ = {
			isa = PBXGroup;
			children = (
				2117765C2B15630800121E92 /* jmespathtool.app */,
			);
			name = Products;
			sourceTree = "<group>";
		};
		2117765E2B15630800121E92 /* jmespathtool */ = {
			isa = PBXGroup;
			children = (
				2117765F2B15630800121E92 /* JMSEPathToolApp.swift */,
				211776612B15630800121E92 /* QueryRunnerView.swift */,
				213E52C12B1808C7004D723E /* QueryRunnerViewModel.swift */,
				211776632B15630900121E92 /* Assets.xcassets */,
				211776682B15630900121E92 /* jmespathtool.entitlements */,
				211776652B15630900121E92 /* Preview Content */,
			);
			path = jmespathtool;
			sourceTree = "<group>";
		};
		211776652B15630900121E92 /* Preview Content */ = {
			isa = PBXGroup;
			children = (
				211776662B15630900121E92 /* Preview Assets.xcassets */,
			);
			path = "Preview Content";
			sourceTree = "<group>";
		};
		213E52BE2B16C1E7004D723E /* Frameworks */ = {
			isa = PBXGroup;
			children = (
			);
			name = Frameworks;
			sourceTree = "<group>";
		};
/* End PBXGroup section */

/* Begin PBXNativeTarget section */
		2117765B2B15630800121E92 /* jmespathtool */ = {
			isa = PBXNativeTarget;
			buildConfigurationList = 2117766B2B15630900121E92 /* Build configuration list for PBXNativeTarget "jmespathtool" */;
			buildPhases = (
				211776712B16B66B00121E92 /* Lint source */,
				211776582B15630800121E92 /* Sources */,
				211776592B15630800121E92 /* Frameworks */,
				2117765A2B15630800121E92 /* Resources */,
			);
			buildRules = (
			);
			dependencies = (
			);
			name = jmespathtool;
			packageProductDependencies = (
				213E52C42B1815FC004D723E /* JMESPathClient */,
				213E52C62B18263F004D723E /* AppKitTools */,
				213E52C82B1BDCE7004D723E /* FoundationTools */,
			);
			productName = jmespathtool;
			productReference = 2117765C2B15630800121E92 /* jmespathtool.app */;
			productType = "com.apple.product-type.application";
		};
/* End PBXNativeTarget section */

/* Begin PBXProject section */
		211776542B15630800121E92 /* Project object */ = {
			isa = PBXProject;
			attributes = {
				BuildIndependentTargetsInParallel = 1;
				LastSwiftUpdateCheck = 1500;
				LastUpgradeCheck = 1500;
				TargetAttributes = {
					2117765B2B15630800121E92 = {
						CreatedOnToolsVersion = 15.0.1;
					};
				};
			};
			buildConfigurationList = 211776572B15630800121E92 /* Build configuration list for PBXProject "jmespathtool" */;
			compatibilityVersion = "Xcode 14.0";
			developmentRegion = en;
			hasScannedForEncodings = 0;
			knownRegions = (
				en,
				Base,
			);
			mainGroup = 211776532B15630800121E92;
			packageReferences = (
			);
			productRefGroup = 2117765D2B15630800121E92 /* Products */;
			projectDirPath = "";
			projectRoot = "";
			targets = (
				2117765B2B15630800121E92 /* jmespathtool */,
			);
		};
/* End PBXProject section */

/* Begin PBXResourcesBuildPhase section */
		2117765A2B15630800121E92 /* Resources */ = {
			isa = PBXResourcesBuildPhase;
			buildActionMask = 2147483647;
			files = (
				211776672B15630900121E92 /* Preview Assets.xcassets in Resources */,
				211776642B15630900121E92 /* Assets.xcassets in Resources */,
			);
			runOnlyForDeploymentPostprocessing = 0;
		};
/* End PBXResourcesBuildPhase section */

/* Begin PBXShellScriptBuildPhase section */
		211776712B16B66B00121E92 /* Lint source */ = {
			isa = PBXShellScriptBuildPhase;
			alwaysOutOfDate = 1;
			buildActionMask = 2147483647;
			files = (
			);
			inputFileListPaths = (
			);
			inputPaths = (
			);
			name = "Lint source";
			outputFileListPaths = (
			);
			outputPaths = (
			);
			runOnlyForDeploymentPostprocessing = 0;
			shellPath = /bin/sh;
			shellScript = "${SRCROOT}/scripts/linting.sh\n";
		};
/* End PBXShellScriptBuildPhase section */

/* Begin PBXSourcesBuildPhase section */
		211776582B15630800121E92 /* Sources */ = {
			isa = PBXSourcesBuildPhase;
			buildActionMask = 2147483647;
			files = (
				211776622B15630800121E92 /* QueryRunnerView.swift in Sources */,
				213E52C22B1808C7004D723E /* QueryRunnerViewModel.swift in Sources */,
				211776602B15630800121E92 /* JMSEPathToolApp.swift in Sources */,
			);
			runOnlyForDeploymentPostprocessing = 0;
		};
/* End PBXSourcesBuildPhase section */

/* Begin XCBuildConfiguration section */
		211776692B15630900121E92 /* Debug */ = {
			isa = XCBuildConfiguration;
			buildSettings = {
				ALWAYS_SEARCH_USER_PATHS = NO;
				ASSETCATALOG_COMPILER_GENERATE_SWIFT_ASSET_SYMBOL_EXTENSIONS = YES;
				CLANG_ANALYZER_NONNULL = YES;
				CLANG_ANALYZER_NUMBER_OBJECT_CONVERSION = YES_AGGRESSIVE;
				CLANG_CXX_LANGUAGE_STANDARD = "gnu++20";
				CLANG_ENABLE_MODULES = YES;
				CLANG_ENABLE_OBJC_ARC = YES;
				CLANG_ENABLE_OBJC_WEAK = YES;
				CLANG_WARN_BLOCK_CAPTURE_AUTORELEASING = YES;
				CLANG_WARN_BOOL_CONVERSION = YES;
				CLANG_WARN_COMMA = YES;
				CLANG_WARN_CONSTANT_CONVERSION = YES;
				CLANG_WARN_DEPRECATED_OBJC_IMPLEMENTATIONS = YES;
				CLANG_WARN_DIRECT_OBJC_ISA_USAGE = YES_ERROR;
				CLANG_WARN_DOCUMENTATION_COMMENTS = YES;
				CLANG_WARN_EMPTY_BODY = YES;
				CLANG_WARN_ENUM_CONVERSION = YES;
				CLANG_WARN_INFINITE_RECURSION = YES;
				CLANG_WARN_INT_CONVERSION = YES;
				CLANG_WARN_NON_LITERAL_NULL_CONVERSION = YES;
				CLANG_WARN_OBJC_IMPLICIT_RETAIN_SELF = YES;
				CLANG_WARN_OBJC_LITERAL_CONVERSION = YES;
				CLANG_WARN_OBJC_ROOT_CLASS = YES_ERROR;
				CLANG_WARN_QUOTED_INCLUDE_IN_FRAMEWORK_HEADER = YES;
				CLANG_WARN_RANGE_LOOP_ANALYSIS = YES;
				CLANG_WARN_STRICT_PROTOTYPES = YES;
				CLANG_WARN_SUSPICIOUS_MOVE = YES;
				CLANG_WARN_UNGUARDED_AVAILABILITY = YES_AGGRESSIVE;
				CLANG_WARN_UNREACHABLE_CODE = YES;
				CLANG_WARN__DUPLICATE_METHOD_MATCH = YES;
				COPY_PHASE_STRIP = NO;
				DEBUG_INFORMATION_FORMAT = dwarf;
				ENABLE_STRICT_OBJC_MSGSEND = YES;
				ENABLE_TESTABILITY = YES;
				ENABLE_USER_SCRIPT_SANDBOXING = YES;
				GCC_C_LANGUAGE_STANDARD = gnu17;
				GCC_DYNAMIC_NO_PIC = NO;
				GCC_NO_COMMON_BLOCKS = YES;
				GCC_OPTIMIZATION_LEVEL = 0;
				GCC_PREPROCESSOR_DEFINITIONS = (
					"DEBUG=1",
					"$(inherited)",
				);
				GCC_WARN_64_TO_32_BIT_CONVERSION = YES;
				GCC_WARN_ABOUT_RETURN_TYPE = YES_ERROR;
				GCC_WARN_UNDECLARED_SELECTOR = YES;
				GCC_WARN_UNINITIALIZED_AUTOS = YES_AGGRESSIVE;
				GCC_WARN_UNUSED_FUNCTION = YES;
				GCC_WARN_UNUSED_VARIABLE = YES;
				LOCALIZATION_PREFERS_STRING_CATALOGS = YES;
				MACOSX_DEPLOYMENT_TARGET = 14.0;
				MTL_ENABLE_DEBUG_INFO = INCLUDE_SOURCE;
				MTL_FAST_MATH = YES;
				ONLY_ACTIVE_ARCH = YES;
				SDKROOT = macosx;
				SWIFT_ACTIVE_COMPILATION_CONDITIONS = "DEBUG $(inherited)";
				SWIFT_OPTIMIZATION_LEVEL = "-Onone";
			};
			name = Debug;
		};
		2117766A2B15630900121E92 /* Release */ = {
			isa = XCBuildConfiguration;
			buildSettings = {
				ALWAYS_SEARCH_USER_PATHS = NO;
				ASSETCATALOG_COMPILER_GENERATE_SWIFT_ASSET_SYMBOL_EXTENSIONS = YES;
				CLANG_ANALYZER_NONNULL = YES;
				CLANG_ANALYZER_NUMBER_OBJECT_CONVERSION = YES_AGGRESSIVE;
				CLANG_CXX_LANGUAGE_STANDARD = "gnu++20";
				CLANG_ENABLE_MODULES = YES;
				CLANG_ENABLE_OBJC_ARC = YES;
				CLANG_ENABLE_OBJC_WEAK = YES;
				CLANG_WARN_BLOCK_CAPTURE_AUTORELEASING = YES;
				CLANG_WARN_BOOL_CONVERSION = YES;
				CLANG_WARN_COMMA = YES;
				CLANG_WARN_CONSTANT_CONVERSION = YES;
				CLANG_WARN_DEPRECATED_OBJC_IMPLEMENTATIONS = YES;
				CLANG_WARN_DIRECT_OBJC_ISA_USAGE = YES_ERROR;
				CLANG_WARN_DOCUMENTATION_COMMENTS = YES;
				CLANG_WARN_EMPTY_BODY = YES;
				CLANG_WARN_ENUM_CONVERSION = YES;
				CLANG_WARN_INFINITE_RECURSION = YES;
				CLANG_WARN_INT_CONVERSION = YES;
				CLANG_WARN_NON_LITERAL_NULL_CONVERSION = YES;
				CLANG_WARN_OBJC_IMPLICIT_RETAIN_SELF = YES;
				CLANG_WARN_OBJC_LITERAL_CONVERSION = YES;
				CLANG_WARN_OBJC_ROOT_CLASS = YES_ERROR;
				CLANG_WARN_QUOTED_INCLUDE_IN_FRAMEWORK_HEADER = YES;
				CLANG_WARN_RANGE_LOOP_ANALYSIS = YES;
				CLANG_WARN_STRICT_PROTOTYPES = YES;
				CLANG_WARN_SUSPICIOUS_MOVE = YES;
				CLANG_WARN_UNGUARDED_AVAILABILITY = YES_AGGRESSIVE;
				CLANG_WARN_UNREACHABLE_CODE = YES;
				CLANG_WARN__DUPLICATE_METHOD_MATCH = YES;
				COPY_PHASE_STRIP = NO;
				DEBUG_INFORMATION_FORMAT = "dwarf-with-dsym";
				ENABLE_NS_ASSERTIONS = NO;
				ENABLE_STRICT_OBJC_MSGSEND = YES;
				ENABLE_USER_SCRIPT_SANDBOXING = YES;
				GCC_C_LANGUAGE_STANDARD = gnu17;
				GCC_NO_COMMON_BLOCKS = YES;
				GCC_WARN_64_TO_32_BIT_CONVERSION = YES;
				GCC_WARN_ABOUT_RETURN_TYPE = YES_ERROR;
				GCC_WARN_UNDECLARED_SELECTOR = YES;
				GCC_WARN_UNINITIALIZED_AUTOS = YES_AGGRESSIVE;
				GCC_WARN_UNUSED_FUNCTION = YES;
				GCC_WARN_UNUSED_VARIABLE = YES;
				LOCALIZATION_PREFERS_STRING_CATALOGS = YES;
				MACOSX_DEPLOYMENT_TARGET = 14.0;
				MTL_ENABLE_DEBUG_INFO = NO;
				MTL_FAST_MATH = YES;
				SDKROOT = macosx;
				SWIFT_COMPILATION_MODE = wholemodule;
			};
			name = Release;
		};
		2117766C2B15630900121E92 /* Debug */ = {
			isa = XCBuildConfiguration;
			buildSettings = {
				ASSETCATALOG_COMPILER_APPICON_NAME = AppIcon;
				ASSETCATALOG_COMPILER_GLOBAL_ACCENT_COLOR_NAME = AccentColor;
				CODE_SIGN_ENTITLEMENTS = jmespathtool/jmespathtool.entitlements;
				CODE_SIGN_STYLE = Automatic;
				COMBINE_HIDPI_IMAGES = YES;
				CURRENT_PROJECT_VERSION = 1;
				DEVELOPMENT_ASSET_PATHS = "\"jmespathtool/Preview Content\"";
				DEVELOPMENT_TEAM = FA5W6TJ34U;
				ENABLE_HARDENED_RUNTIME = YES;
				ENABLE_PREVIEWS = YES;
				ENABLE_USER_SCRIPT_SANDBOXING = NO;
				GENERATE_INFOPLIST_FILE = YES;
				INFOPLIST_KEY_NSHumanReadableCopyright = "";
				LD_RUNPATH_SEARCH_PATHS = (
					"$(inherited)",
					"@executable_path/../Frameworks",
				);
				MARKETING_VERSION = 1.0;
				PRODUCT_BUNDLE_IDENTIFIER = com.normbarnard.jmespathtool;
				PRODUCT_NAME = "$(TARGET_NAME)";
				SWIFT_EMIT_LOC_STRINGS = YES;
				SWIFT_VERSION = 5.0;
			};
			name = Debug;
		};
		2117766D2B15630900121E92 /* Release */ = {
			isa = XCBuildConfiguration;
			buildSettings = {
				ASSETCATALOG_COMPILER_APPICON_NAME = AppIcon;
				ASSETCATALOG_COMPILER_GLOBAL_ACCENT_COLOR_NAME = AccentColor;
				CODE_SIGN_ENTITLEMENTS = jmespathtool/jmespathtool.entitlements;
				CODE_SIGN_STYLE = Automatic;
				COMBINE_HIDPI_IMAGES = YES;
				CURRENT_PROJECT_VERSION = 1;
				DEVELOPMENT_ASSET_PATHS = "\"jmespathtool/Preview Content\"";
				DEVELOPMENT_TEAM = FA5W6TJ34U;
				ENABLE_HARDENED_RUNTIME = YES;
				ENABLE_PREVIEWS = YES;
				ENABLE_USER_SCRIPT_SANDBOXING = NO;
				GENERATE_INFOPLIST_FILE = YES;
				INFOPLIST_KEY_NSHumanReadableCopyright = "";
				LD_RUNPATH_SEARCH_PATHS = (
					"$(inherited)",
					"@executable_path/../Frameworks",
				);
				MARKETING_VERSION = 1.0;
				PRODUCT_BUNDLE_IDENTIFIER = com.normbarnard.jmespathtool;
				PRODUCT_NAME = "$(TARGET_NAME)";
				SWIFT_EMIT_LOC_STRINGS = YES;
				SWIFT_VERSION = 5.0;
			};
			name = Release;
		};
/* End XCBuildConfiguration section */

/* Begin XCConfigurationList section */
		211776572B15630800121E92 /* Build configuration list for PBXProject "jmespathtool" */ = {
			isa = XCConfigurationList;
			buildConfigurations = (
				211776692B15630900121E92 /* Debug */,
				2117766A2B15630900121E92 /* Release */,
			);
			defaultConfigurationIsVisible = 0;
			defaultConfigurationName = Release;
		};
		2117766B2B15630900121E92 /* Build configuration list for PBXNativeTarget "jmespathtool" */ = {
			isa = XCConfigurationList;
			buildConfigurations = (
				2117766C2B15630900121E92 /* Debug */,
				2117766D2B15630900121E92 /* Release */,
			);
			defaultConfigurationIsVisible = 0;
			defaultConfigurationName = Release;
		};
/* End XCConfigurationList section */

/* Begin XCSwiftPackageProductDependency section */
		213E52C42B1815FC004D723E /* JMESPathClient */ = {
			isa = XCSwiftPackageProductDependency;
			productName = JMESPathClient;
		};
		213E52C62B18263F004D723E /* AppKitTools */ = {
			isa = XCSwiftPackageProductDependency;
			productName = AppKitTools;
		};
		213E52C82B1BDCE7004D723E /* FoundationTools */ = {
			isa = XCSwiftPackageProductDependency;
			productName = FoundationTools;
		};
/* End XCSwiftPackageProductDependency section */
	};
	rootObject = 211776542B15630800121E92 /* Project object */;
}
